
Microsoft Visual Studio Solution File, Format Version 12.00
# Visual Studio Version 16
VisualStudioVersion = 16.0.30320.27
MinimumVisualStudioVersion = 10.0.40219.1
Project("{FAE04EC0-301F-11D3-BF4B-00C04F79EFBC}") = "DataAccess", "DataAccess\DataAccess.csproj", "{36B659FC-822A-4E61-9CC3-31C1B319AF9F}"
EndProject
Project("{FAE04EC0-301F-11D3-BF4B-00C04F79EFBC}") = "Business", "Business\Business.csproj", "{E4A83E13-705A-4237-80A5-5478B4261A46}"
EndProject
Project("{FAE04EC0-301F-11D3-BF4B-00C04F79EFBC}") = "Entities", "Entities\Entities.csproj", "{2DF24879-0876-4600-A104-40017F6DEDB7}"
EndProject
Global
	GlobalSection(SolutionConfigurationPlatforms) = preSolution
		Debug|Any CPU = Debug|Any CPU
		Release|Any CPU = Release|Any CPU
	EndGlobalSection
	GlobalSection(ProjectConfigurationPlatforms) = postSolution
		{36B659FC-822A-4E61-9CC3-31C1B319AF9F}.Debug|Any CPU.ActiveCfg = Debug|Any CPU
		{36B659FC-822A-4E61-9CC3-31C1B319AF9F}.Debug|Any CPU.Build.0 = Debug|Any CPU
		{36B659FC-822A-4E61-9CC3-31C1B319AF9F}.Release|Any CPU.ActiveCfg = Release|Any CPU
		{36B659FC-822A-4E61-9CC3-31C1B319AF9F}.Release|Any CPU.Build.0 = Release|Any CPU
		{E4A83E13-705A-4237-80A5-5478B4261A46}.Debug|Any CPU.ActiveCfg = Debug|Any CPU
		{E4A83E13-705A-4237-80A5-5478B4261A46}.Debug|Any CPU.Build.0 = Debug|Any CPU
		{E4A83E13-705A-4237-80A5-5478B4261A46}.Release|Any CPU.ActiveCfg = Release|Any CPU
		{E4A83E13-705A-4237-80A5-5478B4261A46}.Release|Any CPU.Build.0 = Release|Any CPU
		{2DF24879-0876-4600-A104-40017F6DEDB7}.Debug|Any CPU.ActiveCfg = Debug|Any CPU
		{2DF24879-0876-4600-A104-40017F6DEDB7}.Debug|Any CPU.Build.0 = Debug|Any CPU
		{2DF24879-0876-4600-A104-40017F6DEDB7}.Release|Any CPU.ActiveCfg = Release|Any CPU
		{2DF24879-0876-4600-A104-40017F6DEDB7}.Release|Any CPU.Build.0 = Release|Any CPU
	EndGlobalSection
	GlobalSection(SolutionProperties) = preSolution
		HideSolutionNode = FALSE
	EndGlobalSection
	GlobalSection(ExtensibilityGlobals) = postSolution
		SolutionGuid = {66D334F0-226C-4124-9F9B-B13110D346A4}
	EndGlobalSection
EndGlobal
